{
  "name": "engine",
  "version": "0.0.1",
  "lockfileVersion": 1,
  "requires": true,
  "dependencies": {
    "js-interpreter-npm": {
      "version": "1.0.5",
      "resolved": "https://registry.npmjs.org/js-interpreter-npm/-/js-interpreter-npm-1.0.5.tgz",
      "integrity": "sha512-yv8JUf16eGpoXdyYCGDu4ONE4cNgMKzS+nPLjP5CX5YTGrdivNV2KBxJzJFSNl0a2QwdjJaYMrjjbL2xzWMw+g=="
    }
  }
}
